
Microsoft Visual Studio Solution File, Format Version 12.00
Project("{FAE04EC0-301F-11D3-BF4B-00C04F79EFBC}") = "MFAAvalonia", "MFAAvalonia\MFAAvalonia.csproj", "{0DEB7018-7094-4C4E-808E-46BA4A1D77FA}"
EndProject
Project("{FAE04EC0-301F-11D3-BF4B-00C04F79EFBC}") = "LazyStaticGenerator", "LazyStaticGenerator\LazyStaticGenerator.csproj", "{C05457BE-61C5-4732-B3F6-3BC1C1C390AA}"
EndProject
Project("{FAE04EC0-301F-11D3-BF4B-00C04F79EFBC}") = "MFAUpdater", "MFAUpdater\MFAUpdater.csproj", "{B13E6AA2-CFE7-41F5-91EF-7F1C53566680}"
EndProject
Project("{FAE04EC0-301F-11D3-BF4B-00C04F79EFBC}") = "SukiUI", "SukiUI\SukiUI.csproj", "{07048BB2-1A22-48C9-87F9-34D4664DC2A9}"
EndProject
Global
	GlobalSection(SolutionConfigurationPlatforms) = preSolution
		Debug|Any CPU = Debug|Any CPU
		Release|Any CPU = Release|Any CPU
	EndGlobalSection
	GlobalSection(ProjectConfigurationPlatforms) = postSolution
		{0DEB7018-7094-4C4E-808E-46BA4A1D77FA}.Debug|Any CPU.ActiveCfg = Debug|Any CPU
		{0DEB7018-7094-4C4E-808E-46BA4A1D77FA}.Debug|Any CPU.Build.0 = Debug|Any CPU
		{0DEB7018-7094-4C4E-808E-46BA4A1D77FA}.Release|Any CPU.ActiveCfg = Release|Any CPU
		{0DEB7018-7094-4C4E-808E-46BA4A1D77FA}.Release|Any CPU.Build.0 = Release|Any CPU
		{C05457BE-61C5-4732-B3F6-3BC1C1C390AA}.Debug|Any CPU.ActiveCfg = Debug|Any CPU
		{C05457BE-61C5-4732-B3F6-3BC1C1C390AA}.Debug|Any CPU.Build.0 = Debug|Any CPU
		{C05457BE-61C5-4732-B3F6-3BC1C1C390AA}.Release|Any CPU.ActiveCfg = Release|Any CPU
		{C05457BE-61C5-4732-B3F6-3BC1C1C390AA}.Release|Any CPU.Build.0 = Release|Any CPU
		{B13E6AA2-CFE7-41F5-91EF-7F1C53566680}.Debug|Any CPU.ActiveCfg = Debug|Any CPU
		{B13E6AA2-CFE7-41F5-91EF-7F1C53566680}.Debug|Any CPU.Build.0 = Debug|Any CPU
		{B13E6AA2-CFE7-41F5-91EF-7F1C53566680}.Release|Any CPU.ActiveCfg = Release|Any CPU
		{B13E6AA2-CFE7-41F5-91EF-7F1C53566680}.Release|Any CPU.Build.0 = Release|Any CPU
		{07048BB2-1A22-48C9-87F9-34D4664DC2A9}.Debug|Any CPU.ActiveCfg = Debug|Any CPU
		{07048BB2-1A22-48C9-87F9-34D4664DC2A9}.Debug|Any CPU.Build.0 = Debug|Any CPU
		{07048BB2-1A22-48C9-87F9-34D4664DC2A9}.Release|Any CPU.ActiveCfg = Release|Any CPU
		{07048BB2-1A22-48C9-87F9-34D4664DC2A9}.Release|Any CPU.Build.0 = Release|Any CPU
	EndGlobalSection
EndGlobal
